{
  "nodes": {
    "nixpkgs": {
      "locked": {
        "lastModified": 1638330963,
        "narHash": "sha256-Xp5YJPzYImZCRDjXqc5STDey/i8ikWa6Y5tADpI5+5I=",
        "owner": "nixos",
        "repo": "nixpkgs",
        "rev": "c7b4ee906c957538e65599e6c43046f2a3c6fb97",
        "type": "github"
      },
      "original": {
        "owner": "nixos",
        "ref": "release-21.11",
        "repo": "nixpkgs",
        "type": "github"
      }
    },
    "root": {
      "inputs": {
        "nixpkgs": "nixpkgs"
      }
    }
  },
  "root": "root",
  "version": 7
}
