{
  "nodes": {
    "devshell": {
      "locked": {
        "lastModified": 1637098489,
        "narHash": "sha256-IWBYLSNSENI/fTrXdYDhuCavxcgN9+RERrPM81f6DXY=",
        "owner": "numtide",
        "repo": "devshell",
        "rev": "e8c2d4967b5c498b12551d1bb49352dcf9efa3e4",
        "type": "github"
      },
      "original": {
        "owner": "numtide",
        "repo": "devshell",
        "type": "github"
      }
    },
    "nixpkgs": {
      "locked": {
        "lastModified": 1637497871,
        "narHash": "sha256-UXjWFjZSQW56Ax2fKspG0aezeRmV7j4WAbkbnZpIFtk=",
        "owner": "nixos",
        "repo": "nixpkgs",
        "rev": "d5c4e868ce3783a95bc1dd898777f09af7ff69ee",
        "type": "github"
      },
      "original": {
        "owner": "nixos",
        "ref": "release-21.05",
        "repo": "nixpkgs",
        "type": "github"
      }
    },
    "root": {
      "inputs": {
        "devshell": "devshell",
        "nixpkgs": "nixpkgs"
      }
    }
  },
  "root": "root",
  "version": 7
}
