{
  "nodes": {
    "nixpkgs": {
      "locked": {
        "lastModified": 1637497871,
        "narHash": "sha256-UXjWFjZSQW56Ax2fKspG0aezeRmV7j4WAbkbnZpIFtk=",
        "owner": "nixos",
        "repo": "nixpkgs",
        "rev": "d5c4e868ce3783a95bc1dd898777f09af7ff69ee",
        "type": "github"
      },
      "original": {
        "owner": "nixos",
        "ref": "release-21.05",
        "repo": "nixpkgs",
        "type": "github"
      }
    },
    "root": {
      "inputs": {
        "nixpkgs": "nixpkgs"
      }
    }
  },
  "root": "root",
  "version": 7
}
